// !$*UTF8*$!
{
	archiveVersion = 1;
	classes = {
	};
	objectVersion = 55;
	objects = {

/* Begin PBXBuildFile section */
		E626DB61274DDB1C0053CFC2 /* Assets.xcassets in Resources */ = {isa = PBXBuildFile; fileRef = E687EC60274DD09F002552D3 /* Assets.xcassets */; };
		E687EC58274DD09E002552D3 /* AppDelegate.swift in Sources */ = {isa = PBXBuildFile; fileRef = E687EC57274DD09E002552D3 /* AppDelegate.swift */; };
		E687EC5A274DD09E002552D3 /* SceneDelegate.swift in Sources */ = {isa = PBXBuildFile; fileRef = E687EC59274DD09E002552D3 /* SceneDelegate.swift */; };
		E687EC5C274DD09E002552D3 /* SFSymbolIconController.swift in Sources */ = {isa = PBXBuildFile; fileRef = E687EC5B274DD09E002552D3 /* SFSymbolIconController.swift */; };
		E687EC5F274DD09E002552D3 /* Main.storyboard in Resources */ = {isa = PBXBuildFile; fileRef = E687EC5D274DD09E002552D3 /* Main.storyboard */; };
		E687EC61274DD09F002552D3 /* Assets.xcassets in Resources */ = {isa = PBXBuildFile; fileRef = E687EC60274DD09F002552D3 /* Assets.xcassets */; };
		E687EC64274DD09F002552D3 /* LaunchScreen.storyboard in Resources */ = {isa = PBXBuildFile; fileRef = E687EC62274DD09F002552D3 /* LaunchScreen.storyboard */; };
		E687EC77274DD0BB002552D3 /* ActionViewController.swift in Sources */ = {isa = PBXBuildFile; fileRef = E687EC76274DD0BB002552D3 /* ActionViewController.swift */; };
		E687EC7A274DD0BB002552D3 /* MainInterface.storyboard in Resources */ = {isa = PBXBuildFile; fileRef = E687EC78274DD0BB002552D3 /* MainInterface.storyboard */; };
		E687EC7E274DD0BB002552D3 /* Action Extension.appex in Embed App Extensions */ = {isa = PBXBuildFile; fileRef = E687EC6F274DD0BB002552D3 /* Action Extension.appex */; settings = {ATTRIBUTES = (RemoveHeadersOnCopy, ); }; };
		E687EC84274DD0E1002552D3 /* SFSymbol_Icon.swift in Sources */ = {isa = PBXBuildFile; fileRef = E687EC83274DD0E1002552D3 /* SFSymbol_Icon.swift */; };
		E687EC87274DD3BB002552D3 /* TabBarController.swift in Sources */ = {isa = PBXBuildFile; fileRef = E687EC86274DD3BB002552D3 /* TabBarController.swift */; };
/* End PBXBuildFile section */

/* Begin PBXContainerItemProxy section */
		E687EC7C274DD0BB002552D3 /* PBXContainerItemProxy */ = {
			isa = PBXContainerItemProxy;
			containerPortal = E687EC4C274DD09E002552D3 /* Project object */;
			proxyType = 1;
			remoteGlobalIDString = E687EC6E274DD0BB002552D3;
			remoteInfo = "Action Extension";
		};
/* End PBXContainerItemProxy section */

/* Begin PBXCopyFilesBuildPhase section */
		E687EC82274DD0BB002552D3 /* Embed App Extensions */ = {
			isa = PBXCopyFilesBuildPhase;
			buildActionMask = 2147483647;
			dstPath = "";
			dstSubfolderSpec = 13;
			files = (
				E687EC7E274DD0BB002552D3 /* Action Extension.appex in Embed App Extensions */,
			);
			name = "Embed App Extensions";
			runOnlyForDeploymentPostprocessing = 0;
		};
/* End PBXCopyFilesBuildPhase section */

/* Begin PBXFileReference section */
		E687EC54274DD09E002552D3 /* SFSymbol Icon.app */ = {isa = PBXFileReference; explicitFileType = wrapper.application; includeInIndex = 0; path = "SFSymbol Icon.app"; sourceTree = BUILT_PRODUCTS_DIR; };
		E687EC57274DD09E002552D3 /* AppDelegate.swift */ = {isa = PBXFileReference; lastKnownFileType = sourcecode.swift; path = AppDelegate.swift; sourceTree = "<group>"; };
		E687EC59274DD09E002552D3 /* SceneDelegate.swift */ = {isa = PBXFileReference; lastKnownFileType = sourcecode.swift; path = SceneDelegate.swift; sourceTree = "<group>"; };
		E687EC5B274DD09E002552D3 /* SFSymbolIconController.swift */ = {isa = PBXFileReference; lastKnownFileType = sourcecode.swift; path = SFSymbolIconController.swift; sourceTree = "<group>"; };
		E687EC5E274DD09E002552D3 /* Base */ = {isa = PBXFileReference; lastKnownFileType = file.storyboard; name = Base; path = Base.lproj/Main.storyboard; sourceTree = "<group>"; };
		E687EC60274DD09F002552D3 /* Assets.xcassets */ = {isa = PBXFileReference; lastKnownFileType = folder.assetcatalog; path = Assets.xcassets; sourceTree = "<group>"; };
		E687EC63274DD09F002552D3 /* Base */ = {isa = PBXFileReference; lastKnownFileType = file.storyboard; name = Base; path = Base.lproj/LaunchScreen.storyboard; sourceTree = "<group>"; };
		E687EC65274DD09F002552D3 /* Info.plist */ = {isa = PBXFileReference; lastKnownFileType = text.plist.xml; path = Info.plist; sourceTree = "<group>"; };
		E687EC6F274DD0BB002552D3 /* Action Extension.appex */ = {isa = PBXFileReference; explicitFileType = "wrapper.app-extension"; includeInIndex = 0; path = "Action Extension.appex"; sourceTree = BUILT_PRODUCTS_DIR; };
		E687EC76274DD0BB002552D3 /* ActionViewController.swift */ = {isa = PBXFileReference; lastKnownFileType = sourcecode.swift; path = ActionViewController.swift; sourceTree = "<group>"; };
		E687EC79274DD0BB002552D3 /* Base */ = {isa = PBXFileReference; lastKnownFileType = file.storyboard; name = Base; path = Base.lproj/MainInterface.storyboard; sourceTree = "<group>"; };
		E687EC7B274DD0BB002552D3 /* Info.plist */ = {isa = PBXFileReference; lastKnownFileType = text.plist.xml; path = Info.plist; sourceTree = "<group>"; };
		E687EC83274DD0E1002552D3 /* SFSymbol_Icon.swift */ = {isa = PBXFileReference; lastKnownFileType = sourcecode.swift; path = SFSymbol_Icon.swift; sourceTree = "<group>"; };
		E687EC86274DD3BB002552D3 /* TabBarController.swift */ = {isa = PBXFileReference; lastKnownFileType = sourcecode.swift; path = TabBarController.swift; sourceTree = "<group>"; };
/* End PBXFileReference section */

/* Begin PBXFrameworksBuildPhase section */
		E687EC51274DD09E002552D3 /* Frameworks */ = {
			isa = PBXFrameworksBuildPhase;
			buildActionMask = 2147483647;
			files = (
			);
			runOnlyForDeploymentPostprocessing = 0;
		};
		E687EC6C274DD0BB002552D3 /* Frameworks */ = {
			isa = PBXFrameworksBuildPhase;
			buildActionMask = 2147483647;
			files = (
			);
			runOnlyForDeploymentPostprocessing = 0;
		};
/* End PBXFrameworksBuildPhase section */

/* Begin PBXGroup section */
		E687EC4B274DD09E002552D3 = {
			isa = PBXGroup;
			children = (
				E687EC56274DD09E002552D3 /* SFSymbol Icon */,
				E687EC73274DD0BB002552D3 /* Action Extension */,
				E687EC55274DD09E002552D3 /* Products */,
			);
			sourceTree = "<group>";
		};
		E687EC55274DD09E002552D3 /* Products */ = {
			isa = PBXGroup;
			children = (
				E687EC54274DD09E002552D3 /* SFSymbol Icon.app */,
				E687EC6F274DD0BB002552D3 /* Action Extension.appex */,
			);
			name = Products;
			sourceTree = "<group>";
		};
		E687EC56274DD09E002552D3 /* SFSymbol Icon */ = {
			isa = PBXGroup;
			children = (
				E687EC83274DD0E1002552D3 /* SFSymbol_Icon.swift */,
				E687EC60274DD09F002552D3 /* Assets.xcassets */,
				E687EC65274DD09F002552D3 /* Info.plist */,
				E687EC57274DD09E002552D3 /* AppDelegate.swift */,
				E687EC59274DD09E002552D3 /* SceneDelegate.swift */,
				E687EC62274DD09F002552D3 /* LaunchScreen.storyboard */,
				E687EC5D274DD09E002552D3 /* Main.storyboard */,
				E687EC85274DD3A7002552D3 /* ViewControllers */,
			);
			path = "SFSymbol Icon";
			sourceTree = "<group>";
		};
		E687EC73274DD0BB002552D3 /* Action Extension */ = {
			isa = PBXGroup;
			children = (
				E687EC7B274DD0BB002552D3 /* Info.plist */,
				E687EC76274DD0BB002552D3 /* ActionViewController.swift */,
				E687EC78274DD0BB002552D3 /* MainInterface.storyboard */,
			);
			path = "Action Extension";
			sourceTree = "<group>";
		};
		E687EC85274DD3A7002552D3 /* ViewControllers */ = {
			isa = PBXGroup;
			children = (
				E687EC86274DD3BB002552D3 /* TabBarController.swift */,
				E687EC5B274DD09E002552D3 /* SFSymbolIconController.swift */,
			);
			path = ViewControllers;
			sourceTree = "<group>";
		};
/* End PBXGroup section */

/* Begin PBXNativeTarget section */
		E687EC53274DD09E002552D3 /* SFSymbol Icon */ = {
			isa = PBXNativeTarget;
			buildConfigurationList = E687EC68274DD09F002552D3 /* Build configuration list for PBXNativeTarget "SFSymbol Icon" */;
			buildPhases = (
				E687EC50274DD09E002552D3 /* Sources */,
				E687EC51274DD09E002552D3 /* Frameworks */,
				E687EC52274DD09E002552D3 /* Resources */,
				E687EC82274DD0BB002552D3 /* Embed App Extensions */,
			);
			buildRules = (
			);
			dependencies = (
				E687EC7D274DD0BB002552D3 /* PBXTargetDependency */,
			);
			name = "SFSymbol Icon";
			productName = "SFSymbol Icon";
			productReference = E687EC54274DD09E002552D3 /* SFSymbol Icon.app */;
			productType = "com.apple.product-type.application";
		};
		E687EC6E274DD0BB002552D3 /* Action Extension */ = {
			isa = PBXNativeTarget;
			buildConfigurationList = E687EC7F274DD0BB002552D3 /* Build configuration list for PBXNativeTarget "Action Extension" */;
			buildPhases = (
				E687EC6B274DD0BB002552D3 /* Sources */,
				E687EC6C274DD0BB002552D3 /* Frameworks */,
				E687EC6D274DD0BB002552D3 /* Resources */,
			);
			buildRules = (
			);
			dependencies = (
			);
			name = "Action Extension";
			productName = "Action Extension";
			productReference = E687EC6F274DD0BB002552D3 /* Action Extension.appex */;
			productType = "com.apple.product-type.app-extension";
		};
/* End PBXNativeTarget section */

/* Begin PBXProject section */
		E687EC4C274DD09E002552D3 /* Project object */ = {
			isa = PBXProject;
			attributes = {
				BuildIndependentTargetsInParallel = 1;
				LastSwiftUpdateCheck = 1310;
				LastUpgradeCheck = 1310;
				TargetAttributes = {
					E687EC53274DD09E002552D3 = {
						CreatedOnToolsVersion = 13.1;
					};
					E687EC6E274DD0BB002552D3 = {
						CreatedOnToolsVersion = 13.1;
					};
				};
			};
			buildConfigurationList = E687EC4F274DD09E002552D3 /* Build configuration list for PBXProject "SFSymbol Icon" */;
			compatibilityVersion = "Xcode 13.0";
			developmentRegion = en;
			hasScannedForEncodings = 0;
			knownRegions = (
				en,
				Base,
			);
			mainGroup = E687EC4B274DD09E002552D3;
			productRefGroup = E687EC55274DD09E002552D3 /* Products */;
			projectDirPath = "";
			projectRoot = "";
			targets = (
				E687EC53274DD09E002552D3 /* SFSymbol Icon */,
				E687EC6E274DD0BB002552D3 /* Action Extension */,
			);
		};
/* End PBXProject section */

/* Begin PBXResourcesBuildPhase section */
		E687EC52274DD09E002552D3 /* Resources */ = {
			isa = PBXResourcesBuildPhase;
			buildActionMask = 2147483647;
			files = (
				E687EC64274DD09F002552D3 /* LaunchScreen.storyboard in Resources */,
				E687EC61274DD09F002552D3 /* Assets.xcassets in Resources */,
				E687EC5F274DD09E002552D3 /* Main.storyboard in Resources */,
			);
			runOnlyForDeploymentPostprocessing = 0;
		};
		E687EC6D274DD0BB002552D3 /* Resources */ = {
			isa = PBXResourcesBuildPhase;
			buildActionMask = 2147483647;
			files = (
				E626DB61274DDB1C0053CFC2 /* Assets.xcassets in Resources */,
				E687EC7A274DD0BB002552D3 /* MainInterface.storyboard in Resources */,
			);
			runOnlyForDeploymentPostprocessing = 0;
		};
/* End PBXResourcesBuildPhase section */

/* Begin PBXSourcesBuildPhase section */
		E687EC50274DD09E002552D3 /* Sources */ = {
			isa = PBXSourcesBuildPhase;
			buildActionMask = 2147483647;
			files = (
				E687EC5C274DD09E002552D3 /* SFSymbolIconController.swift in Sources */,
				E687EC84274DD0E1002552D3 /* SFSymbol_Icon.swift in Sources */,
				E687EC58274DD09E002552D3 /* AppDelegate.swift in Sources */,
				E687EC87274DD3BB002552D3 /* TabBarController.swift in Sources */,
				E687EC5A274DD09E002552D3 /* SceneDelegate.swift in Sources */,
			);
			runOnlyForDeploymentPostprocessing = 0;
		};
		E687EC6B274DD0BB002552D3 /* Sources */ = {
			isa = PBXSourcesBuildPhase;
			buildActionMask = 2147483647;
			files = (
				E687EC77274DD0BB002552D3 /* ActionViewController.swift in Sources */,
			);
			runOnlyForDeploymentPostprocessing = 0;
		};
/* End PBXSourcesBuildPhase section */

/* Begin PBXTargetDependency section */
		E687EC7D274DD0BB002552D3 /* PBXTargetDependency */ = {
			isa = PBXTargetDependency;
			target = E687EC6E274DD0BB002552D3 /* Action Extension */;
			targetProxy = E687EC7C274DD0BB002552D3 /* PBXContainerItemProxy */;
		};
/* End PBXTargetDependency section */

/* Begin PBXVariantGroup section */
		E687EC5D274DD09E002552D3 /* Main.storyboard */ = {
			isa = PBXVariantGroup;
			children = (
				E687EC5E274DD09E002552D3 /* Base */,
			);
			name = Main.storyboard;
			sourceTree = "<group>";
		};
		E687EC62274DD09F002552D3 /* LaunchScreen.storyboard */ = {
			isa = PBXVariantGroup;
			children = (
				E687EC63274DD09F002552D3 /* Base */,
			);
			name = LaunchScreen.storyboard;
			sourceTree = "<group>";
		};
		E687EC78274DD0BB002552D3 /* MainInterface.storyboard */ = {
			isa = PBXVariantGroup;
			children = (
				E687EC79274DD0BB002552D3 /* Base */,
			);
			name = MainInterface.storyboard;
			sourceTree = "<group>";
		};
/* End PBXVariantGroup section */

/* Begin XCBuildConfiguration section */
		E687EC66274DD09F002552D3 /* Debug */ = {
			isa = XCBuildConfiguration;
			buildSettings = {
				ALWAYS_SEARCH_USER_PATHS = NO;
				CLANG_ANALYZER_NONNULL = YES;
				CLANG_ANALYZER_NUMBER_OBJECT_CONVERSION = YES_AGGRESSIVE;
				CLANG_CXX_LANGUAGE_STANDARD = "gnu++17";
				CLANG_CXX_LIBRARY = "libc++";
				CLANG_ENABLE_MODULES = YES;
				CLANG_ENABLE_OBJC_ARC = YES;
				CLANG_ENABLE_OBJC_WEAK = YES;
				CLANG_WARN_BLOCK_CAPTURE_AUTORELEASING = YES;
				CLANG_WARN_BOOL_CONVERSION = YES;
				CLANG_WARN_COMMA = YES;
				CLANG_WARN_CONSTANT_CONVERSION = YES;
				CLANG_WARN_DEPRECATED_OBJC_IMPLEMENTATIONS = YES;
				CLANG_WARN_DIRECT_OBJC_ISA_USAGE = YES_ERROR;
				CLANG_WARN_DOCUMENTATION_COMMENTS = YES;
				CLANG_WARN_EMPTY_BODY = YES;
				CLANG_WARN_ENUM_CONVERSION = YES;
				CLANG_WARN_INFINITE_RECURSION = YES;
				CLANG_WARN_INT_CONVERSION = YES;
				CLANG_WARN_NON_LITERAL_NULL_CONVERSION = YES;
				CLANG_WARN_OBJC_IMPLICIT_RETAIN_SELF = YES;
				CLANG_WARN_OBJC_LITERAL_CONVERSION = YES;
				CLANG_WARN_OBJC_ROOT_CLASS = YES_ERROR;
				CLANG_WARN_QUOTED_INCLUDE_IN_FRAMEWORK_HEADER = YES;
				CLANG_WARN_RANGE_LOOP_ANALYSIS = YES;
				CLANG_WARN_STRICT_PROTOTYPES = YES;
				CLANG_WARN_SUSPICIOUS_MOVE = YES;
				CLANG_WARN_UNGUARDED_AVAILABILITY = YES_AGGRESSIVE;
				CLANG_WARN_UNREACHABLE_CODE = YES;
				CLANG_WARN__DUPLICATE_METHOD_MATCH = YES;
				COPY_PHASE_STRIP = NO;
				DEBUG_INFORMATION_FORMAT = dwarf;
				ENABLE_STRICT_OBJC_MSGSEND = YES;
				ENABLE_TESTABILITY = YES;
				GCC_C_LANGUAGE_STANDARD = gnu11;
				GCC_DYNAMIC_NO_PIC = NO;
				GCC_NO_COMMON_BLOCKS = YES;
				GCC_OPTIMIZATION_LEVEL = 0;
				GCC_PREPROCESSOR_DEFINITIONS = (
					"DEBUG=1",
					"$(inherited)",
				);
				GCC_WARN_64_TO_32_BIT_CONVERSION = YES;
				GCC_WARN_ABOUT_RETURN_TYPE = YES_ERROR;
				GCC_WARN_UNDECLARED_SELECTOR = YES;
				GCC_WARN_UNINITIALIZED_AUTOS = YES_AGGRESSIVE;
				GCC_WARN_UNUSED_FUNCTION = YES;
				GCC_WARN_UNUSED_VARIABLE = YES;
				IPHONEOS_DEPLOYMENT_TARGET = 15.0;
				MTL_ENABLE_DEBUG_INFO = INCLUDE_SOURCE;
				MTL_FAST_MATH = YES;
				ONLY_ACTIVE_ARCH = YES;
				SDKROOT = iphoneos;
				SWIFT_ACTIVE_COMPILATION_CONDITIONS = DEBUG;
				SWIFT_OPTIMIZATION_LEVEL = "-Onone";
			};
			name = Debug;
		};
		E687EC67274DD09F002552D3 /* Release */ = {
			isa = XCBuildConfiguration;
			buildSettings = {
				ALWAYS_SEARCH_USER_PATHS = NO;
				CLANG_ANALYZER_NONNULL = YES;
				CLANG_ANALYZER_NUMBER_OBJECT_CONVERSION = YES_AGGRESSIVE;
				CLANG_CXX_LANGUAGE_STANDARD = "gnu++17";
				CLANG_CXX_LIBRARY = "libc++";
				CLANG_ENABLE_MODULES = YES;
				CLANG_ENABLE_OBJC_ARC = YES;
				CLANG_ENABLE_OBJC_WEAK = YES;
				CLANG_WARN_BLOCK_CAPTURE_AUTORELEASING = YES;
				CLANG_WARN_BOOL_CONVERSION = YES;
				CLANG_WARN_COMMA = YES;
				CLANG_WARN_CONSTANT_CONVERSION = YES;
				CLANG_WARN_DEPRECATED_OBJC_IMPLEMENTATIONS = YES;
				CLANG_WARN_DIRECT_OBJC_ISA_USAGE = YES_ERROR;
				CLANG_WARN_DOCUMENTATION_COMMENTS = YES;
				CLANG_WARN_EMPTY_BODY = YES;
				CLANG_WARN_ENUM_CONVERSION = YES;
				CLANG_WARN_INFINITE_RECURSION = YES;
				CLANG_WARN_INT_CONVERSION = YES;
				CLANG_WARN_NON_LITERAL_NULL_CONVERSION = YES;
				CLANG_WARN_OBJC_IMPLICIT_RETAIN_SELF = YES;
				CLANG_WARN_OBJC_LITERAL_CONVERSION = YES;
				CLANG_WARN_OBJC_ROOT_CLASS = YES_ERROR;
				CLANG_WARN_QUOTED_INCLUDE_IN_FRAMEWORK_HEADER = YES;
				CLANG_WARN_RANGE_LOOP_ANALYSIS = YES;
				CLANG_WARN_STRICT_PROTOTYPES = YES;
				CLANG_WARN_SUSPICIOUS_MOVE = YES;
				CLANG_WARN_UNGUARDED_AVAILABILITY = YES_AGGRESSIVE;
				CLANG_WARN_UNREACHABLE_CODE = YES;
				CLANG_WARN__DUPLICATE_METHOD_MATCH = YES;
				COPY_PHASE_STRIP = NO;
				DEBUG_INFORMATION_FORMAT = "dwarf-with-dsym";
				ENABLE_NS_ASSERTIONS = NO;
				ENABLE_STRICT_OBJC_MSGSEND = YES;
				GCC_C_LANGUAGE_STANDARD = gnu11;
				GCC_NO_COMMON_BLOCKS = YES;
				GCC_WARN_64_TO_32_BIT_CONVERSION = YES;
				GCC_WARN_ABOUT_RETURN_TYPE = YES_ERROR;
				GCC_WARN_UNDECLARED_SELECTOR = YES;
				GCC_WARN_UNINITIALIZED_AUTOS = YES_AGGRESSIVE;
				GCC_WARN_UNUSED_FUNCTION = YES;
				GCC_WARN_UNUSED_VARIABLE = YES;
				IPHONEOS_DEPLOYMENT_TARGET = 15.0;
				MTL_ENABLE_DEBUG_INFO = NO;
				MTL_FAST_MATH = YES;
				SDKROOT = iphoneos;
				SWIFT_COMPILATION_MODE = wholemodule;
				SWIFT_OPTIMIZATION_LEVEL = "-O";
				VALIDATE_PRODUCT = YES;
			};
			name = Release;
		};
		E687EC69274DD09F002552D3 /* Debug */ = {
			isa = XCBuildConfiguration;
			buildSettings = {
				ALWAYS_EMBED_SWIFT_STANDARD_LIBRARIES = YES;
				ASSETCATALOG_COMPILER_APPICON_NAME = AppIcon;
				ASSETCATALOG_COMPILER_GLOBAL_ACCENT_COLOR_NAME = AccentColor;
				CODE_SIGN_STYLE = Automatic;
				CURRENT_PROJECT_VERSION = 1;
				DEVELOPMENT_TEAM = 3G9ZRMP8M3;
				GENERATE_INFOPLIST_FILE = YES;
				INFOPLIST_FILE = "SFSymbol Icon/Info.plist";
				INFOPLIST_KEY_UIApplicationSupportsIndirectInputEvents = YES;
				INFOPLIST_KEY_UILaunchStoryboardName = LaunchScreen;
				INFOPLIST_KEY_UIMainStoryboardFile = Main;
				INFOPLIST_KEY_UISupportedInterfaceOrientations_iPad = "UIInterfaceOrientationPortrait UIInterfaceOrientationPortraitUpsideDown UIInterfaceOrientationLandscapeLeft UIInterfaceOrientationLandscapeRight";
				INFOPLIST_KEY_UISupportedInterfaceOrientations_iPhone = "UIInterfaceOrientationPortrait UIInterfaceOrientationLandscapeLeft UIInterfaceOrientationLandscapeRight";
				LD_RUNPATH_SEARCH_PATHS = (
					"$(inherited)",
					"@executable_path/Frameworks",
				);
				MARKETING_VERSION = 1.0;
				PRODUCT_BUNDLE_IDENTIFIER = "dev.xapp.SFSymbol-Icon";
				PRODUCT_NAME = "$(TARGET_NAME)";
				SWIFT_EMIT_LOC_STRINGS = YES;
				SWIFT_VERSION = 5.0;
				TARGETED_DEVICE_FAMILY = "1,2";
			};
			name = Debug;
		};
		E687EC6A274DD09F002552D3 /* Release */ = {
			isa = XCBuildConfiguration;
			buildSettings = {
				ALWAYS_EMBED_SWIFT_STANDARD_LIBRARIES = YES;
				ASSETCATALOG_COMPILER_APPICON_NAME = AppIcon;
				ASSETCATALOG_COMPILER_GLOBAL_ACCENT_COLOR_NAME = AccentColor;
				CODE_SIGN_STYLE = Automatic;
				CURRENT_PROJECT_VERSION = 1;
				DEVELOPMENT_TEAM = 3G9ZRMP8M3;
				GENERATE_INFOPLIST_FILE = YES;
				INFOPLIST_FILE = "SFSymbol Icon/Info.plist";
				INFOPLIST_KEY_UIApplicationSupportsIndirectInputEvents = YES;
				INFOPLIST_KEY_UILaunchStoryboardName = LaunchScreen;
				INFOPLIST_KEY_UIMainStoryboardFile = Main;
				INFOPLIST_KEY_UISupportedInterfaceOrientations_iPad = "UIInterfaceOrientationPortrait UIInterfaceOrientationPortraitUpsideDown UIInterfaceOrientationLandscapeLeft UIInterfaceOrientationLandscapeRight";
				INFOPLIST_KEY_UISupportedInterfaceOrientations_iPhone = "UIInterfaceOrientationPortrait UIInterfaceOrientationLandscapeLeft UIInterfaceOrientationLandscapeRight";
				LD_RUNPATH_SEARCH_PATHS = (
					"$(inherited)",
					"@executable_path/Frameworks",
				);
				MARKETING_VERSION = 1.0;
				PRODUCT_BUNDLE_IDENTIFIER = "dev.xapp.SFSymbol-Icon";
				PRODUCT_NAME = "$(TARGET_NAME)";
				SWIFT_EMIT_LOC_STRINGS = YES;
				SWIFT_VERSION = 5.0;
				TARGETED_DEVICE_FAMILY = "1,2";
			};
			name = Release;
		};
		E687EC80274DD0BB002552D3 /* Debug */ = {
			isa = XCBuildConfiguration;
			buildSettings = {
				CODE_SIGN_STYLE = Automatic;
				CURRENT_PROJECT_VERSION = 1;
				DEVELOPMENT_TEAM = 3G9ZRMP8M3;
				GENERATE_INFOPLIST_FILE = YES;
				INFOPLIST_FILE = "Action Extension/Info.plist";
				INFOPLIST_KEY_CFBundleDisplayName = "SFSymbol Icon";
				INFOPLIST_KEY_NSHumanReadableCopyright = "";
				LD_RUNPATH_SEARCH_PATHS = (
					"$(inherited)",
					"@executable_path/Frameworks",
					"@executable_path/../../Frameworks",
				);
				MARKETING_VERSION = 1.0;
				PRODUCT_BUNDLE_IDENTIFIER = "dev.xapp.SFSymbol-Icon.Action";
				PRODUCT_NAME = "$(TARGET_NAME)";
				SKIP_INSTALL = YES;
				SWIFT_EMIT_LOC_STRINGS = YES;
				SWIFT_VERSION = 5.0;
				TARGETED_DEVICE_FAMILY = "1,2";
			};
			name = Debug;
		};
		E687EC81274DD0BB002552D3 /* Release */ = {
			isa = XCBuildConfiguration;
			buildSettings = {
				CODE_SIGN_STYLE = Automatic;
				CURRENT_PROJECT_VERSION = 1;
				DEVELOPMENT_TEAM = 3G9ZRMP8M3;
				GENERATE_INFOPLIST_FILE = YES;
				INFOPLIST_FILE = "Action Extension/Info.plist";
				INFOPLIST_KEY_CFBundleDisplayName = "SFSymbol Icon";
				INFOPLIST_KEY_NSHumanReadableCopyright = "";
				LD_RUNPATH_SEARCH_PATHS = (
					"$(inherited)",
					"@executable_path/Frameworks",
					"@executable_path/../../Frameworks",
				);
				MARKETING_VERSION = 1.0;
				PRODUCT_BUNDLE_IDENTIFIER = "dev.xapp.SFSymbol-Icon.Action";
				PRODUCT_NAME = "$(TARGET_NAME)";
				SKIP_INSTALL = YES;
				SWIFT_EMIT_LOC_STRINGS = YES;
				SWIFT_VERSION = 5.0;
				TARGETED_DEVICE_FAMILY = "1,2";
			};
			name = Release;
		};
/* End XCBuildConfiguration section */

/* Begin XCConfigurationList section */
		E687EC4F274DD09E002552D3 /* Build configuration list for PBXProject "SFSymbol Icon" */ = {
			isa = XCConfigurationList;
			buildConfigurations = (
				E687EC66274DD09F002552D3 /* Debug */,
				E687EC67274DD09F002552D3 /* Release */,
			);
			defaultConfigurationIsVisible = 0;
			defaultConfigurationName = Release;
		};
		E687EC68274DD09F002552D3 /* Build configuration list for PBXNativeTarget "SFSymbol Icon" */ = {
			isa = XCConfigurationList;
			buildConfigurations = (
				E687EC69274DD09F002552D3 /* Debug */,
				E687EC6A274DD09F002552D3 /* Release */,
			);
			defaultConfigurationIsVisible = 0;
			defaultConfigurationName = Release;
		};
		E687EC7F274DD0BB002552D3 /* Build configuration list for PBXNativeTarget "Action Extension" */ = {
			isa = XCConfigurationList;
			buildConfigurations = (
				E687EC80274DD0BB002552D3 /* Debug */,
				E687EC81274DD0BB002552D3 /* Release */,
			);
			defaultConfigurationIsVisible = 0;
			defaultConfigurationName = Release;
		};
/* End XCConfigurationList section */
	};
	rootObject = E687EC4C274DD09E002552D3 /* Project object */;
}
